
Microsoft Visual Studio Solution File, Format Version 12.00
# Visual Studio 14
VisualStudioVersion = 14.0.25123.0
MinimumVisualStudioVersion = 10.0.40219.1
Project("{B4B8A136-37D9-4567-B03E-E434063D4CD7}") = "Sitecore.Support.111388", "Sitecore.Support.111388\Sitecore.Support.111388.csproj", "{D62F9FDF-32CE-4AB8-A2C5-64F9923A75C6}"
EndProject
Global
	GlobalSection(SolutionConfigurationPlatforms) = preSolution
		Debug|Any CPU = Debug|Any CPU
		Release|Any CPU = Release|Any CPU
	EndGlobalSection
	GlobalSection(ProjectConfigurationPlatforms) = postSolution
		{D62F9FDF-32CE-4AB8-A2C5-64F9923A75C6}.Debug|Any CPU.ActiveCfg = Debug|Any CPU
		{D62F9FDF-32CE-4AB8-A2C5-64F9923A75C6}.Debug|Any CPU.Build.0 = Debug|Any CPU
		{D62F9FDF-32CE-4AB8-A2C5-64F9923A75C6}.Release|Any CPU.ActiveCfg = Release|Any CPU
		{D62F9FDF-32CE-4AB8-A2C5-64F9923A75C6}.Release|Any CPU.Build.0 = Release|Any CPU
	EndGlobalSection
	GlobalSection(SolutionProperties) = preSolution
		HideSolutionNode = FALSE
	EndGlobalSection
EndGlobal
